
Microsoft Visual Studio Solution File, Format Version 12.00
# Visual Studio 2013
VisualStudioVersion = 12.0.21005.1
MinimumVisualStudioVersion = 10.0.40219.1
Project("{FAE04EC0-301F-11D3-BF4B-00C04F79EFBC}") = "FormBuilder", "FormBuilder\FormBuilder.csproj", "{628EB14D-9C5D-4E63-BFB3-CB8F901969FD}"
EndProject
Global
	GlobalSection(SolutionConfigurationPlatforms) = preSolution
		Debug|Any CPU = Debug|Any CPU
		Release|Any CPU = Release|Any CPU
	EndGlobalSection
	GlobalSection(ProjectConfigurationPlatforms) = postSolution
		{628EB14D-9C5D-4E63-BFB3-CB8F901969FD}.Debug|Any CPU.ActiveCfg = Debug|Any CPU
		{628EB14D-9C5D-4E63-BFB3-CB8F901969FD}.Debug|Any CPU.Build.0 = Debug|Any CPU
		{628EB14D-9C5D-4E63-BFB3-CB8F901969FD}.Release|Any CPU.ActiveCfg = Release|Any CPU
		{628EB14D-9C5D-4E63-BFB3-CB8F901969FD}.Release|Any CPU.Build.0 = Release|Any CPU
	EndGlobalSection
	GlobalSection(SolutionProperties) = preSolution
		HideSolutionNode = FALSE
	EndGlobalSection
EndGlobal
